Microsoft Visual Studio Solution File, Format Version 7.00
Project("{8BC9CEB8-8B4A-11D0-8D11-00A0C91BC942}") = "WinMonitorServerPlugin.1.0", "WinMonitorServerPlugin.1.0.vcproj", "{D3EFB640-605B-4B0A-8518-87031F9F64A5}"
EndProject
Global
	GlobalSection(SolutionConfiguration) = preSolution
		ConfigName.0 = Debug
		ConfigName.1 = Release
	EndGlobalSection
	GlobalSection(ProjectDependencies) = postSolution
	EndGlobalSection
	GlobalSection(ProjectConfiguration) = postSolution
		{D3EFB640-605B-4B0A-8518-87031F9F64A5}.Debug.ActiveCfg = Debug|Win32
		{D3EFB640-605B-4B0A-8518-87031F9F64A5}.Debug.Build.0 = Debug|Win32
		{D3EFB640-605B-4B0A-8518-87031F9F64A5}.Release.ActiveCfg = Release|Win32
		{D3EFB640-605B-4B0A-8518-87031F9F64A5}.Release.Build.0 = Release|Win32
	EndGlobalSection
	GlobalSection(ExtensibilityGlobals) = postSolution
	EndGlobalSection
	GlobalSection(ExtensibilityAddIns) = postSolution
	EndGlobalSection
EndGlobal
