Microsoft Visual Studio Solution File, Format Version 7.00
Project("{8BC9CEB8-8B4A-11D0-8D11-00A0C91BC942}") = "WordTest", "WordTest.vcproj", "{F5F38956-A143-4322-9FD0-D90C58F893DF}"
EndProject
Global
	GlobalSection(SolutionConfiguration) = preSolution
		ConfigName.0 = Debug
		ConfigName.1 = Release
	EndGlobalSection
	GlobalSection(ProjectDependencies) = postSolution
	EndGlobalSection
	GlobalSection(ProjectConfiguration) = postSolution
		{F5F38956-A143-4322-9FD0-D90C58F893DF}.Debug.ActiveCfg = Debug|Win32
		{F5F38956-A143-4322-9FD0-D90C58F893DF}.Debug.Build.0 = Debug|Win32
		{F5F38956-A143-4322-9FD0-D90C58F893DF}.Release.ActiveCfg = Release|Win32
		{F5F38956-A143-4322-9FD0-D90C58F893DF}.Release.Build.0 = Release|Win32
	EndGlobalSection
	GlobalSection(ExtensibilityGlobals) = postSolution
	EndGlobalSection
	GlobalSection(ExtensibilityAddIns) = postSolution
	EndGlobalSection
EndGlobal
